
Microsoft Visual Studio Solution File, Format Version 12.00
# Visual Studio Version 16
VisualStudioVersion = 16.6.30114.105
MinimumVisualStudioVersion = 10.0.40219.1
Project("{FAE04EC0-301F-11D3-BF4B-00C04F79EFBC}") = "CursoIdiomas.API", "0 - API\CursoIdiomas.API.csproj", "{F5EB0D46-D8BE-47DD-8123-0FA9B6EEF2E3}"
EndProject
Project("{FAE04EC0-301F-11D3-BF4B-00C04F79EFBC}") = "1 - Application", "1 - Application\1 - Application.csproj", "{7DCD7424-BCDB-4EDB-B28E-083220540880}"
EndProject
Project("{FAE04EC0-301F-11D3-BF4B-00C04F79EFBC}") = "CursoIdiomas.Domain", "2 - Domain\CursoIdiomas.Domain.csproj", "{C8770F57-55D8-44BD-AA5A-3ACC50998993}"
EndProject
Project("{FAE04EC0-301F-11D3-BF4B-00C04F79EFBC}") = "CursoIdiomas.Service", "3 - Service\CursoIdiomas.Service.csproj", "{4727F9ED-0D52-4786-A35F-E98D4A172068}"
EndProject
Project("{2150E333-8FDC-42A3-9474-1A3956D46DE8}") = "4 - Infra", "4 - Infra", "{DA61A4DE-4CFF-47DA-8277-D1BF05803852}"
EndProject
Project("{FAE04EC0-301F-11D3-BF4B-00C04F79EFBC}") = "CursoIdiomas.Infra.Data", "4 - Infra\4.1 Data\CursoIdiomas.Infra.Data.csproj", "{4462ABFB-B74C-4537-AB87-BB4D4AEF574C}"
EndProject
Project("{FAE04EC0-301F-11D3-BF4B-00C04F79EFBC}") = "CursoIdiomas.Infra.CrossCutting", "4 - Infra\4.2 CrossCutting\CursoIdiomas.Infra.CrossCutting.csproj", "{DDED5802-92A2-4550-A4B9-B031AD079792}"
EndProject
Global
	GlobalSection(SolutionConfigurationPlatforms) = preSolution
		Debug|Any CPU = Debug|Any CPU
		Debug|x64 = Debug|x64
		Debug|x86 = Debug|x86
		Release|Any CPU = Release|Any CPU
		Release|x64 = Release|x64
		Release|x86 = Release|x86
	EndGlobalSection
	GlobalSection(SolutionProperties) = preSolution
		HideSolutionNode = FALSE
	EndGlobalSection
	GlobalSection(ProjectConfigurationPlatforms) = postSolution
		{F5EB0D46-D8BE-47DD-8123-0FA9B6EEF2E3}.Debug|Any CPU.ActiveCfg = Debug|Any CPU
		{F5EB0D46-D8BE-47DD-8123-0FA9B6EEF2E3}.Debug|Any CPU.Build.0 = Debug|Any CPU
		{F5EB0D46-D8BE-47DD-8123-0FA9B6EEF2E3}.Debug|x64.ActiveCfg = Debug|Any CPU
		{F5EB0D46-D8BE-47DD-8123-0FA9B6EEF2E3}.Debug|x64.Build.0 = Debug|Any CPU
		{F5EB0D46-D8BE-47DD-8123-0FA9B6EEF2E3}.Debug|x86.ActiveCfg = Debug|Any CPU
		{F5EB0D46-D8BE-47DD-8123-0FA9B6EEF2E3}.Debug|x86.Build.0 = Debug|Any CPU
		{F5EB0D46-D8BE-47DD-8123-0FA9B6EEF2E3}.Release|Any CPU.ActiveCfg = Release|Any CPU
		{F5EB0D46-D8BE-47DD-8123-0FA9B6EEF2E3}.Release|Any CPU.Build.0 = Release|Any CPU
		{F5EB0D46-D8BE-47DD-8123-0FA9B6EEF2E3}.Release|x64.ActiveCfg = Release|Any CPU
		{F5EB0D46-D8BE-47DD-8123-0FA9B6EEF2E3}.Release|x64.Build.0 = Release|Any CPU
		{F5EB0D46-D8BE-47DD-8123-0FA9B6EEF2E3}.Release|x86.ActiveCfg = Release|Any CPU
		{F5EB0D46-D8BE-47DD-8123-0FA9B6EEF2E3}.Release|x86.Build.0 = Release|Any CPU
		{7DCD7424-BCDB-4EDB-B28E-083220540880}.Debug|Any CPU.ActiveCfg = Debug|Any CPU
		{7DCD7424-BCDB-4EDB-B28E-083220540880}.Debug|Any CPU.Build.0 = Debug|Any CPU
		{7DCD7424-BCDB-4EDB-B28E-083220540880}.Debug|x64.ActiveCfg = Debug|Any CPU
		{7DCD7424-BCDB-4EDB-B28E-083220540880}.Debug|x64.Build.0 = Debug|Any CPU
		{7DCD7424-BCDB-4EDB-B28E-083220540880}.Debug|x86.ActiveCfg = Debug|Any CPU
		{7DCD7424-BCDB-4EDB-B28E-083220540880}.Debug|x86.Build.0 = Debug|Any CPU
		{7DCD7424-BCDB-4EDB-B28E-083220540880}.Release|Any CPU.ActiveCfg = Release|Any CPU
		{7DCD7424-BCDB-4EDB-B28E-083220540880}.Release|Any CPU.Build.0 = Release|Any CPU
		{7DCD7424-BCDB-4EDB-B28E-083220540880}.Release|x64.ActiveCfg = Release|Any CPU
		{7DCD7424-BCDB-4EDB-B28E-083220540880}.Release|x64.Build.0 = Release|Any CPU
		{7DCD7424-BCDB-4EDB-B28E-083220540880}.Release|x86.ActiveCfg = Release|Any CPU
		{7DCD7424-BCDB-4EDB-B28E-083220540880}.Release|x86.Build.0 = Release|Any CPU
		{C8770F57-55D8-44BD-AA5A-3ACC50998993}.Debug|Any CPU.ActiveCfg = Debug|Any CPU
		{C8770F57-55D8-44BD-AA5A-3ACC50998993}.Debug|Any CPU.Build.0 = Debug|Any CPU
		{C8770F57-55D8-44BD-AA5A-3ACC50998993}.Debug|x64.ActiveCfg = Debug|Any CPU
		{C8770F57-55D8-44BD-AA5A-3ACC50998993}.Debug|x64.Build.0 = Debug|Any CPU
		{C8770F57-55D8-44BD-AA5A-3ACC50998993}.Debug|x86.ActiveCfg = Debug|Any CPU
		{C8770F57-55D8-44BD-AA5A-3ACC50998993}.Debug|x86.Build.0 = Debug|Any CPU
		{C8770F57-55D8-44BD-AA5A-3ACC50998993}.Release|Any CPU.ActiveCfg = Release|Any CPU
		{C8770F57-55D8-44BD-AA5A-3ACC50998993}.Release|Any CPU.Build.0 = Release|Any CPU
		{C8770F57-55D8-44BD-AA5A-3ACC50998993}.Release|x64.ActiveCfg = Release|Any CPU
		{C8770F57-55D8-44BD-AA5A-3ACC50998993}.Release|x64.Build.0 = Release|Any CPU
		{C8770F57-55D8-44BD-AA5A-3ACC50998993}.Release|x86.ActiveCfg = Release|Any CPU
		{C8770F57-55D8-44BD-AA5A-3ACC50998993}.Release|x86.Build.0 = Release|Any CPU
		{4727F9ED-0D52-4786-A35F-E98D4A172068}.Debug|Any CPU.ActiveCfg = Debug|Any CPU
		{4727F9ED-0D52-4786-A35F-E98D4A172068}.Debug|Any CPU.Build.0 = Debug|Any CPU
		{4727F9ED-0D52-4786-A35F-E98D4A172068}.Debug|x64.ActiveCfg = Debug|Any CPU
		{4727F9ED-0D52-4786-A35F-E98D4A172068}.Debug|x64.Build.0 = Debug|Any CPU
		{4727F9ED-0D52-4786-A35F-E98D4A172068}.Debug|x86.ActiveCfg = Debug|Any CPU
		{4727F9ED-0D52-4786-A35F-E98D4A172068}.Debug|x86.Build.0 = Debug|Any CPU
		{4727F9ED-0D52-4786-A35F-E98D4A172068}.Release|Any CPU.ActiveCfg = Release|Any CPU
		{4727F9ED-0D52-4786-A35F-E98D4A172068}.Release|Any CPU.Build.0 = Release|Any CPU
		{4727F9ED-0D52-4786-A35F-E98D4A172068}.Release|x64.ActiveCfg = Release|Any CPU
		{4727F9ED-0D52-4786-A35F-E98D4A172068}.Release|x64.Build.0 = Release|Any CPU
		{4727F9ED-0D52-4786-A35F-E98D4A172068}.Release|x86.ActiveCfg = Release|Any CPU
		{4727F9ED-0D52-4786-A35F-E98D4A172068}.Release|x86.Build.0 = Release|Any CPU
		{4462ABFB-B74C-4537-AB87-BB4D4AEF574C}.Debug|Any CPU.ActiveCfg = Debug|Any CPU
		{4462ABFB-B74C-4537-AB87-BB4D4AEF574C}.Debug|Any CPU.Build.0 = Debug|Any CPU
		{4462ABFB-B74C-4537-AB87-BB4D4AEF574C}.Debug|x64.ActiveCfg = Debug|Any CPU
		{4462ABFB-B74C-4537-AB87-BB4D4AEF574C}.Debug|x64.Build.0 = Debug|Any CPU
		{4462ABFB-B74C-4537-AB87-BB4D4AEF574C}.Debug|x86.ActiveCfg = Debug|Any CPU
		{4462ABFB-B74C-4537-AB87-BB4D4AEF574C}.Debug|x86.Build.0 = Debug|Any CPU
		{4462ABFB-B74C-4537-AB87-BB4D4AEF574C}.Release|Any CPU.ActiveCfg = Release|Any CPU
		{4462ABFB-B74C-4537-AB87-BB4D4AEF574C}.Release|Any CPU.Build.0 = Release|Any CPU
		{4462ABFB-B74C-4537-AB87-BB4D4AEF574C}.Release|x64.ActiveCfg = Release|Any CPU
		{4462ABFB-B74C-4537-AB87-BB4D4AEF574C}.Release|x64.Build.0 = Release|Any CPU
		{4462ABFB-B74C-4537-AB87-BB4D4AEF574C}.Release|x86.ActiveCfg = Release|Any CPU
		{4462ABFB-B74C-4537-AB87-BB4D4AEF574C}.Release|x86.Build.0 = Release|Any CPU
		{DDED5802-92A2-4550-A4B9-B031AD079792}.Debug|Any CPU.ActiveCfg = Debug|Any CPU
		{DDED5802-92A2-4550-A4B9-B031AD079792}.Debug|Any CPU.Build.0 = Debug|Any CPU
		{DDED5802-92A2-4550-A4B9-B031AD079792}.Debug|x64.ActiveCfg = Debug|Any CPU
		{DDED5802-92A2-4550-A4B9-B031AD079792}.Debug|x64.Build.0 = Debug|Any CPU
		{DDED5802-92A2-4550-A4B9-B031AD079792}.Debug|x86.ActiveCfg = Debug|Any CPU
		{DDED5802-92A2-4550-A4B9-B031AD079792}.Debug|x86.Build.0 = Debug|Any CPU
		{DDED5802-92A2-4550-A4B9-B031AD079792}.Release|Any CPU.ActiveCfg = Release|Any CPU
		{DDED5802-92A2-4550-A4B9-B031AD079792}.Release|Any CPU.Build.0 = Release|Any CPU
		{DDED5802-92A2-4550-A4B9-B031AD079792}.Release|x64.ActiveCfg = Release|Any CPU
		{DDED5802-92A2-4550-A4B9-B031AD079792}.Release|x64.Build.0 = Release|Any CPU
		{DDED5802-92A2-4550-A4B9-B031AD079792}.Release|x86.ActiveCfg = Release|Any CPU
		{DDED5802-92A2-4550-A4B9-B031AD079792}.Release|x86.Build.0 = Release|Any CPU
	EndGlobalSection
	GlobalSection(NestedProjects) = preSolution
		{4462ABFB-B74C-4537-AB87-BB4D4AEF574C} = {DA61A4DE-4CFF-47DA-8277-D1BF05803852}
		{DDED5802-92A2-4550-A4B9-B031AD079792} = {DA61A4DE-4CFF-47DA-8277-D1BF05803852}
	EndGlobalSection
EndGlobal
