
Microsoft Visual Studio Solution File, Format Version 12.00
# Visual Studio Version 16
VisualStudioVersion = 16.0.30114.105
MinimumVisualStudioVersion = 10.0.40219.1
Project("{9A19103F-16F7-4668-BE54-9A1E7A4F7556}") = "CursoIdiomas.Domain", "2 - Domain\CursoIdiomas.Domain.csproj", "{612A0634-9B75-4970-A436-76519598ABC1}"
EndProject
Project("{9A19103F-16F7-4668-BE54-9A1E7A4F7556}") = "CursoIdiomas.Service", "3 - Service\CursoIdiomas.Service.csproj", "{B141E78B-8A2C-4AE7-978B-F4AA80A721B1}"
EndProject
Project("{2150E333-8FDC-42A3-9474-1A3956D46DE8}") = "4 - Infra", "4 - Infra", "{38DD5282-A664-4663-B8F8-7C5C9E07F85B}"
EndProject
Project("{9A19103F-16F7-4668-BE54-9A1E7A4F7556}") = "CursoIdiomas.Infra.Data", "4 - Infra\4.1 Data\CursoIdiomas.Infra.Data.csproj", "{0DEC1BEE-28BF-4373-A7E6-766F1611CFD7}"
EndProject
Project("{9A19103F-16F7-4668-BE54-9A1E7A4F7556}") = "CursoIdiomas.Infra.CrossCutting", "4 - Infra\4.2 CrossCutting\CursoIdiomas.Infra.CrossCutting.csproj", "{C4CCE9E0-3127-4DC7-B515-83947B06064F}"
EndProject
Project("{2150E333-8FDC-42A3-9474-1A3956D46DE8}") = "5 - Tests", "5 - Tests", "{C0F28C90-C0CF-4366-B5A4-E91884D3D51C}"
EndProject
Project("{9A19103F-16F7-4668-BE54-9A1E7A4F7556}") = "5.1 - CursoIdiomas.Domain.Test", "5 - Tests\5.1 - CursoIdiomas.Domain.Test\5.1 - CursoIdiomas.Domain.Test.csproj", "{EB4A0095-8577-4DD9-8DED-A5030040C894}"
EndProject
Project("{9A19103F-16F7-4668-BE54-9A1E7A4F7556}") = "5.2 - CursoIdiomas.Service.Test", "5 - Tests\5.2 - CursoIdiomas.Service.Test\5.2 - CursoIdiomas.Service.Test.csproj", "{0113277F-236D-4220-8682-7C92B8B66FE3}"
EndProject
Project("{9A19103F-16F7-4668-BE54-9A1E7A4F7556}") = "5.4 - CursoIdiomas.Integracao.Test", "5 - Tests\5.4 - CursoIdiomas.Integracao.Test\5.4 - CursoIdiomas.Integracao.Test.csproj", "{C49F5BD9-AEFE-4190-80CA-1D9BA581AD27}"
EndProject
Project("{2150E333-8FDC-42A3-9474-1A3956D46DE8}") = "5.3 - CursoIdiomas.Infra.Test", "5.3 - CursoIdiomas.Infra.Test", "{99171F2A-E421-4864-B6FD-6B56337B8453}"
EndProject
Project("{9A19103F-16F7-4668-BE54-9A1E7A4F7556}") = "5.3.2 - CursoIdiomas.Infra.CrossCutting.Test", "5 - Tests\5.3 - CursoIdiomas.Infra.Test\CursoIdiomas.Infra.CrossCutting.Test\5.3.2 - CursoIdiomas.Infra.CrossCutting.Test.csproj", "{F48F459E-FA62-4A7C-A820-0A6ABB138D6D}"
EndProject
Project("{9A19103F-16F7-4668-BE54-9A1E7A4F7556}") = "5.3.1 - CursoIdiomas.Infra.Data.Test", "5 - Tests\5.3 - CursoIdiomas.Infra.Test\CursoIdiomas.Infra.Data.Test\5.3.1 - CursoIdiomas.Infra.Data.Test.csproj", "{85EA791A-5BDD-4781-888C-74D6BE506839}"
EndProject
Project("{2150E333-8FDC-42A3-9474-1A3956D46DE8}") = "0 - API", "0 - API", "{30BA0769-D1C2-4F63-9C1E-EBBEC644FA07}"
EndProject
Project("{2150E333-8FDC-42A3-9474-1A3956D46DE8}") = "2 - Domain", "2 - Domain", "{4805B0FA-76C2-4E24-85D3-CE0194EA91F5}"
EndProject
Project("{2150E333-8FDC-42A3-9474-1A3956D46DE8}") = "3 - Service", "3 - Service", "{538BEFE9-961F-414A-8F7D-CAD1D9ECE4AE}"
EndProject
Project("{2150E333-8FDC-42A3-9474-1A3956D46DE8}") = "1 - Application", "1 - Application", "{F2FA8CAC-562E-4FEC-AA5D-F345BF246489}"
EndProject
Project("{9A19103F-16F7-4668-BE54-9A1E7A4F7556}") = "1 - Application", "1 - Application\1 - Application.csproj", "{CEE3F91A-8366-4F54-B310-F41B3BAD6645}"
EndProject
Project("{FAE04EC0-301F-11D3-BF4B-00C04F79EFBC}") = "0 - API", "0 - API\CursoIdiomas.API.csproj", "{E069EBF9-A20A-4013-BD53-6E3B891691E0}"
EndProject
Global
	GlobalSection(SolutionConfigurationPlatforms) = preSolution
		Debug|Any CPU = Debug|Any CPU
		Debug|x64 = Debug|x64
		Debug|x86 = Debug|x86
		Release|Any CPU = Release|Any CPU
		Release|x64 = Release|x64
		Release|x86 = Release|x86
	EndGlobalSection
	GlobalSection(ProjectConfigurationPlatforms) = postSolution
		{612A0634-9B75-4970-A436-76519598ABC1}.Debug|Any CPU.ActiveCfg = Debug|Any CPU
		{612A0634-9B75-4970-A436-76519598ABC1}.Debug|Any CPU.Build.0 = Debug|Any CPU
		{612A0634-9B75-4970-A436-76519598ABC1}.Debug|x64.ActiveCfg = Debug|Any CPU
		{612A0634-9B75-4970-A436-76519598ABC1}.Debug|x64.Build.0 = Debug|Any CPU
		{612A0634-9B75-4970-A436-76519598ABC1}.Debug|x86.ActiveCfg = Debug|Any CPU
		{612A0634-9B75-4970-A436-76519598ABC1}.Debug|x86.Build.0 = Debug|Any CPU
		{612A0634-9B75-4970-A436-76519598ABC1}.Release|Any CPU.ActiveCfg = Release|Any CPU
		{612A0634-9B75-4970-A436-76519598ABC1}.Release|Any CPU.Build.0 = Release|Any CPU
		{612A0634-9B75-4970-A436-76519598ABC1}.Release|x64.ActiveCfg = Release|Any CPU
		{612A0634-9B75-4970-A436-76519598ABC1}.Release|x64.Build.0 = Release|Any CPU
		{612A0634-9B75-4970-A436-76519598ABC1}.Release|x86.ActiveCfg = Release|Any CPU
		{612A0634-9B75-4970-A436-76519598ABC1}.Release|x86.Build.0 = Release|Any CPU
		{B141E78B-8A2C-4AE7-978B-F4AA80A721B1}.Debug|Any CPU.ActiveCfg = Debug|Any CPU
		{B141E78B-8A2C-4AE7-978B-F4AA80A721B1}.Debug|Any CPU.Build.0 = Debug|Any CPU
		{B141E78B-8A2C-4AE7-978B-F4AA80A721B1}.Debug|x64.ActiveCfg = Debug|Any CPU
		{B141E78B-8A2C-4AE7-978B-F4AA80A721B1}.Debug|x64.Build.0 = Debug|Any CPU
		{B141E78B-8A2C-4AE7-978B-F4AA80A721B1}.Debug|x86.ActiveCfg = Debug|Any CPU
		{B141E78B-8A2C-4AE7-978B-F4AA80A721B1}.Debug|x86.Build.0 = Debug|Any CPU
		{B141E78B-8A2C-4AE7-978B-F4AA80A721B1}.Release|Any CPU.ActiveCfg = Release|Any CPU
		{B141E78B-8A2C-4AE7-978B-F4AA80A721B1}.Release|Any CPU.Build.0 = Release|Any CPU
		{B141E78B-8A2C-4AE7-978B-F4AA80A721B1}.Release|x64.ActiveCfg = Release|Any CPU
		{B141E78B-8A2C-4AE7-978B-F4AA80A721B1}.Release|x64.Build.0 = Release|Any CPU
		{B141E78B-8A2C-4AE7-978B-F4AA80A721B1}.Release|x86.ActiveCfg = Release|Any CPU
		{B141E78B-8A2C-4AE7-978B-F4AA80A721B1}.Release|x86.Build.0 = Release|Any CPU
		{0DEC1BEE-28BF-4373-A7E6-766F1611CFD7}.Debug|Any CPU.ActiveCfg = Debug|Any CPU
		{0DEC1BEE-28BF-4373-A7E6-766F1611CFD7}.Debug|Any CPU.Build.0 = Debug|Any CPU
		{0DEC1BEE-28BF-4373-A7E6-766F1611CFD7}.Debug|x64.ActiveCfg = Debug|Any CPU
		{0DEC1BEE-28BF-4373-A7E6-766F1611CFD7}.Debug|x64.Build.0 = Debug|Any CPU
		{0DEC1BEE-28BF-4373-A7E6-766F1611CFD7}.Debug|x86.ActiveCfg = Debug|Any CPU
		{0DEC1BEE-28BF-4373-A7E6-766F1611CFD7}.Debug|x86.Build.0 = Debug|Any CPU
		{0DEC1BEE-28BF-4373-A7E6-766F1611CFD7}.Release|Any CPU.ActiveCfg = Release|Any CPU
		{0DEC1BEE-28BF-4373-A7E6-766F1611CFD7}.Release|Any CPU.Build.0 = Release|Any CPU
		{0DEC1BEE-28BF-4373-A7E6-766F1611CFD7}.Release|x64.ActiveCfg = Release|Any CPU
		{0DEC1BEE-28BF-4373-A7E6-766F1611CFD7}.Release|x64.Build.0 = Release|Any CPU
		{0DEC1BEE-28BF-4373-A7E6-766F1611CFD7}.Release|x86.ActiveCfg = Release|Any CPU
		{0DEC1BEE-28BF-4373-A7E6-766F1611CFD7}.Release|x86.Build.0 = Release|Any CPU
		{C4CCE9E0-3127-4DC7-B515-83947B06064F}.Debug|Any CPU.ActiveCfg = Debug|Any CPU
		{C4CCE9E0-3127-4DC7-B515-83947B06064F}.Debug|Any CPU.Build.0 = Debug|Any CPU
		{C4CCE9E0-3127-4DC7-B515-83947B06064F}.Debug|x64.ActiveCfg = Debug|Any CPU
		{C4CCE9E0-3127-4DC7-B515-83947B06064F}.Debug|x64.Build.0 = Debug|Any CPU
		{C4CCE9E0-3127-4DC7-B515-83947B06064F}.Debug|x86.ActiveCfg = Debug|Any CPU
		{C4CCE9E0-3127-4DC7-B515-83947B06064F}.Debug|x86.Build.0 = Debug|Any CPU
		{C4CCE9E0-3127-4DC7-B515-83947B06064F}.Release|Any CPU.ActiveCfg = Release|Any CPU
		{C4CCE9E0-3127-4DC7-B515-83947B06064F}.Release|Any CPU.Build.0 = Release|Any CPU
		{C4CCE9E0-3127-4DC7-B515-83947B06064F}.Release|x64.ActiveCfg = Release|Any CPU
		{C4CCE9E0-3127-4DC7-B515-83947B06064F}.Release|x64.Build.0 = Release|Any CPU
		{C4CCE9E0-3127-4DC7-B515-83947B06064F}.Release|x86.ActiveCfg = Release|Any CPU
		{C4CCE9E0-3127-4DC7-B515-83947B06064F}.Release|x86.Build.0 = Release|Any CPU
		{EB4A0095-8577-4DD9-8DED-A5030040C894}.Debug|Any CPU.ActiveCfg = Debug|Any CPU
		{EB4A0095-8577-4DD9-8DED-A5030040C894}.Debug|Any CPU.Build.0 = Debug|Any CPU
		{EB4A0095-8577-4DD9-8DED-A5030040C894}.Debug|x64.ActiveCfg = Debug|Any CPU
		{EB4A0095-8577-4DD9-8DED-A5030040C894}.Debug|x64.Build.0 = Debug|Any CPU
		{EB4A0095-8577-4DD9-8DED-A5030040C894}.Debug|x86.ActiveCfg = Debug|Any CPU
		{EB4A0095-8577-4DD9-8DED-A5030040C894}.Debug|x86.Build.0 = Debug|Any CPU
		{EB4A0095-8577-4DD9-8DED-A5030040C894}.Release|Any CPU.ActiveCfg = Release|Any CPU
		{EB4A0095-8577-4DD9-8DED-A5030040C894}.Release|Any CPU.Build.0 = Release|Any CPU
		{EB4A0095-8577-4DD9-8DED-A5030040C894}.Release|x64.ActiveCfg = Release|Any CPU
		{EB4A0095-8577-4DD9-8DED-A5030040C894}.Release|x64.Build.0 = Release|Any CPU
		{EB4A0095-8577-4DD9-8DED-A5030040C894}.Release|x86.ActiveCfg = Release|Any CPU
		{EB4A0095-8577-4DD9-8DED-A5030040C894}.Release|x86.Build.0 = Release|Any CPU
		{0113277F-236D-4220-8682-7C92B8B66FE3}.Debug|Any CPU.ActiveCfg = Debug|Any CPU
		{0113277F-236D-4220-8682-7C92B8B66FE3}.Debug|Any CPU.Build.0 = Debug|Any CPU
		{0113277F-236D-4220-8682-7C92B8B66FE3}.Debug|x64.ActiveCfg = Debug|Any CPU
		{0113277F-236D-4220-8682-7C92B8B66FE3}.Debug|x64.Build.0 = Debug|Any CPU
		{0113277F-236D-4220-8682-7C92B8B66FE3}.Debug|x86.ActiveCfg = Debug|Any CPU
		{0113277F-236D-4220-8682-7C92B8B66FE3}.Debug|x86.Build.0 = Debug|Any CPU
		{0113277F-236D-4220-8682-7C92B8B66FE3}.Release|Any CPU.ActiveCfg = Release|Any CPU
		{0113277F-236D-4220-8682-7C92B8B66FE3}.Release|Any CPU.Build.0 = Release|Any CPU
		{0113277F-236D-4220-8682-7C92B8B66FE3}.Release|x64.ActiveCfg = Release|Any CPU
		{0113277F-236D-4220-8682-7C92B8B66FE3}.Release|x64.Build.0 = Release|Any CPU
		{0113277F-236D-4220-8682-7C92B8B66FE3}.Release|x86.ActiveCfg = Release|Any CPU
		{0113277F-236D-4220-8682-7C92B8B66FE3}.Release|x86.Build.0 = Release|Any CPU
		{C49F5BD9-AEFE-4190-80CA-1D9BA581AD27}.Debug|Any CPU.ActiveCfg = Debug|Any CPU
		{C49F5BD9-AEFE-4190-80CA-1D9BA581AD27}.Debug|Any CPU.Build.0 = Debug|Any CPU
		{C49F5BD9-AEFE-4190-80CA-1D9BA581AD27}.Debug|x64.ActiveCfg = Debug|Any CPU
		{C49F5BD9-AEFE-4190-80CA-1D9BA581AD27}.Debug|x64.Build.0 = Debug|Any CPU
		{C49F5BD9-AEFE-4190-80CA-1D9BA581AD27}.Debug|x86.ActiveCfg = Debug|Any CPU
		{C49F5BD9-AEFE-4190-80CA-1D9BA581AD27}.Debug|x86.Build.0 = Debug|Any CPU
		{C49F5BD9-AEFE-4190-80CA-1D9BA581AD27}.Release|Any CPU.ActiveCfg = Release|Any CPU
		{C49F5BD9-AEFE-4190-80CA-1D9BA581AD27}.Release|Any CPU.Build.0 = Release|Any CPU
		{C49F5BD9-AEFE-4190-80CA-1D9BA581AD27}.Release|x64.ActiveCfg = Release|Any CPU
		{C49F5BD9-AEFE-4190-80CA-1D9BA581AD27}.Release|x64.Build.0 = Release|Any CPU
		{C49F5BD9-AEFE-4190-80CA-1D9BA581AD27}.Release|x86.ActiveCfg = Release|Any CPU
		{C49F5BD9-AEFE-4190-80CA-1D9BA581AD27}.Release|x86.Build.0 = Release|Any CPU
		{F48F459E-FA62-4A7C-A820-0A6ABB138D6D}.Debug|Any CPU.ActiveCfg = Debug|Any CPU
		{F48F459E-FA62-4A7C-A820-0A6ABB138D6D}.Debug|Any CPU.Build.0 = Debug|Any CPU
		{F48F459E-FA62-4A7C-A820-0A6ABB138D6D}.Debug|x64.ActiveCfg = Debug|Any CPU
		{F48F459E-FA62-4A7C-A820-0A6ABB138D6D}.Debug|x64.Build.0 = Debug|Any CPU
		{F48F459E-FA62-4A7C-A820-0A6ABB138D6D}.Debug|x86.ActiveCfg = Debug|Any CPU
		{F48F459E-FA62-4A7C-A820-0A6ABB138D6D}.Debug|x86.Build.0 = Debug|Any CPU
		{F48F459E-FA62-4A7C-A820-0A6ABB138D6D}.Release|Any CPU.ActiveCfg = Release|Any CPU
		{F48F459E-FA62-4A7C-A820-0A6ABB138D6D}.Release|Any CPU.Build.0 = Release|Any CPU
		{F48F459E-FA62-4A7C-A820-0A6ABB138D6D}.Release|x64.ActiveCfg = Release|Any CPU
		{F48F459E-FA62-4A7C-A820-0A6ABB138D6D}.Release|x64.Build.0 = Release|Any CPU
		{F48F459E-FA62-4A7C-A820-0A6ABB138D6D}.Release|x86.ActiveCfg = Release|Any CPU
		{F48F459E-FA62-4A7C-A820-0A6ABB138D6D}.Release|x86.Build.0 = Release|Any CPU
		{85EA791A-5BDD-4781-888C-74D6BE506839}.Debug|Any CPU.ActiveCfg = Debug|Any CPU
		{85EA791A-5BDD-4781-888C-74D6BE506839}.Debug|Any CPU.Build.0 = Debug|Any CPU
		{85EA791A-5BDD-4781-888C-74D6BE506839}.Debug|x64.ActiveCfg = Debug|Any CPU
		{85EA791A-5BDD-4781-888C-74D6BE506839}.Debug|x64.Build.0 = Debug|Any CPU
		{85EA791A-5BDD-4781-888C-74D6BE506839}.Debug|x86.ActiveCfg = Debug|Any CPU
		{85EA791A-5BDD-4781-888C-74D6BE506839}.Debug|x86.Build.0 = Debug|Any CPU
		{85EA791A-5BDD-4781-888C-74D6BE506839}.Release|Any CPU.ActiveCfg = Release|Any CPU
		{85EA791A-5BDD-4781-888C-74D6BE506839}.Release|Any CPU.Build.0 = Release|Any CPU
		{85EA791A-5BDD-4781-888C-74D6BE506839}.Release|x64.ActiveCfg = Release|Any CPU
		{85EA791A-5BDD-4781-888C-74D6BE506839}.Release|x64.Build.0 = Release|Any CPU
		{85EA791A-5BDD-4781-888C-74D6BE506839}.Release|x86.ActiveCfg = Release|Any CPU
		{85EA791A-5BDD-4781-888C-74D6BE506839}.Release|x86.Build.0 = Release|Any CPU
		{CEE3F91A-8366-4F54-B310-F41B3BAD6645}.Debug|Any CPU.ActiveCfg = Debug|Any CPU
		{CEE3F91A-8366-4F54-B310-F41B3BAD6645}.Debug|Any CPU.Build.0 = Debug|Any CPU
		{CEE3F91A-8366-4F54-B310-F41B3BAD6645}.Debug|x64.ActiveCfg = Debug|Any CPU
		{CEE3F91A-8366-4F54-B310-F41B3BAD6645}.Debug|x64.Build.0 = Debug|Any CPU
		{CEE3F91A-8366-4F54-B310-F41B3BAD6645}.Debug|x86.ActiveCfg = Debug|Any CPU
		{CEE3F91A-8366-4F54-B310-F41B3BAD6645}.Debug|x86.Build.0 = Debug|Any CPU
		{CEE3F91A-8366-4F54-B310-F41B3BAD6645}.Release|Any CPU.ActiveCfg = Release|Any CPU
		{CEE3F91A-8366-4F54-B310-F41B3BAD6645}.Release|Any CPU.Build.0 = Release|Any CPU
		{CEE3F91A-8366-4F54-B310-F41B3BAD6645}.Release|x64.ActiveCfg = Release|Any CPU
		{CEE3F91A-8366-4F54-B310-F41B3BAD6645}.Release|x64.Build.0 = Release|Any CPU
		{CEE3F91A-8366-4F54-B310-F41B3BAD6645}.Release|x86.ActiveCfg = Release|Any CPU
		{CEE3F91A-8366-4F54-B310-F41B3BAD6645}.Release|x86.Build.0 = Release|Any CPU
		{E069EBF9-A20A-4013-BD53-6E3B891691E0}.Debug|Any CPU.ActiveCfg = Debug|Any CPU
		{E069EBF9-A20A-4013-BD53-6E3B891691E0}.Debug|Any CPU.Build.0 = Debug|Any CPU
		{E069EBF9-A20A-4013-BD53-6E3B891691E0}.Debug|x64.ActiveCfg = Debug|Any CPU
		{E069EBF9-A20A-4013-BD53-6E3B891691E0}.Debug|x64.Build.0 = Debug|Any CPU
		{E069EBF9-A20A-4013-BD53-6E3B891691E0}.Debug|x86.ActiveCfg = Debug|Any CPU
		{E069EBF9-A20A-4013-BD53-6E3B891691E0}.Debug|x86.Build.0 = Debug|Any CPU
		{E069EBF9-A20A-4013-BD53-6E3B891691E0}.Release|Any CPU.ActiveCfg = Release|Any CPU
		{E069EBF9-A20A-4013-BD53-6E3B891691E0}.Release|Any CPU.Build.0 = Release|Any CPU
		{E069EBF9-A20A-4013-BD53-6E3B891691E0}.Release|x64.ActiveCfg = Release|Any CPU
		{E069EBF9-A20A-4013-BD53-6E3B891691E0}.Release|x64.Build.0 = Release|Any CPU
		{E069EBF9-A20A-4013-BD53-6E3B891691E0}.Release|x86.ActiveCfg = Release|Any CPU
		{E069EBF9-A20A-4013-BD53-6E3B891691E0}.Release|x86.Build.0 = Release|Any CPU
	EndGlobalSection
	GlobalSection(SolutionProperties) = preSolution
		HideSolutionNode = FALSE
	EndGlobalSection
	GlobalSection(NestedProjects) = preSolution
		{612A0634-9B75-4970-A436-76519598ABC1} = {4805B0FA-76C2-4E24-85D3-CE0194EA91F5}
		{B141E78B-8A2C-4AE7-978B-F4AA80A721B1} = {538BEFE9-961F-414A-8F7D-CAD1D9ECE4AE}
		{0DEC1BEE-28BF-4373-A7E6-766F1611CFD7} = {38DD5282-A664-4663-B8F8-7C5C9E07F85B}
		{C4CCE9E0-3127-4DC7-B515-83947B06064F} = {38DD5282-A664-4663-B8F8-7C5C9E07F85B}
		{EB4A0095-8577-4DD9-8DED-A5030040C894} = {C0F28C90-C0CF-4366-B5A4-E91884D3D51C}
		{0113277F-236D-4220-8682-7C92B8B66FE3} = {C0F28C90-C0CF-4366-B5A4-E91884D3D51C}
		{C49F5BD9-AEFE-4190-80CA-1D9BA581AD27} = {C0F28C90-C0CF-4366-B5A4-E91884D3D51C}
		{99171F2A-E421-4864-B6FD-6B56337B8453} = {C0F28C90-C0CF-4366-B5A4-E91884D3D51C}
		{F48F459E-FA62-4A7C-A820-0A6ABB138D6D} = {99171F2A-E421-4864-B6FD-6B56337B8453}
		{85EA791A-5BDD-4781-888C-74D6BE506839} = {99171F2A-E421-4864-B6FD-6B56337B8453}
		{CEE3F91A-8366-4F54-B310-F41B3BAD6645} = {F2FA8CAC-562E-4FEC-AA5D-F345BF246489}
		{E069EBF9-A20A-4013-BD53-6E3B891691E0} = {30BA0769-D1C2-4F63-9C1E-EBBEC644FA07}
	EndGlobalSection
	GlobalSection(ExtensibilityGlobals) = postSolution
		SolutionGuid = {8C06227D-7440-40D7-A9C5-1F51E5F5A34D}
	EndGlobalSection
EndGlobal
